
Microsoft Visual Studio Solution File, Format Version 12.00
# Visual Studio Version 16
VisualStudioVersion = 16.0.29926.136
MinimumVisualStudioVersion = 10.0.40219.1
Project("{FAE04EC0-301F-11D3-BF4B-00C04F79EFBC}") = "SuperHeroesWeb", "SuperHeroesWeb\SuperHeroesWeb.csproj", "{CE59C7D4-B5AB-4645-866F-562D25C4B51A}"
EndProject
Global
	GlobalSection(SolutionConfigurationPlatforms) = preSolution
		Debug|Any CPU = Debug|Any CPU
		Release|Any CPU = Release|Any CPU
	EndGlobalSection
	GlobalSection(ProjectConfigurationPlatforms) = postSolution
		{CE59C7D4-B5AB-4645-866F-562D25C4B51A}.Debug|Any CPU.ActiveCfg = Debug|Any CPU
		{CE59C7D4-B5AB-4645-866F-562D25C4B51A}.Debug|Any CPU.Build.0 = Debug|Any CPU
		{CE59C7D4-B5AB-4645-866F-562D25C4B51A}.Release|Any CPU.ActiveCfg = Release|Any CPU
		{CE59C7D4-B5AB-4645-866F-562D25C4B51A}.Release|Any CPU.Build.0 = Release|Any CPU
	EndGlobalSection
	GlobalSection(SolutionProperties) = preSolution
		HideSolutionNode = FALSE
	EndGlobalSection
	GlobalSection(ExtensibilityGlobals) = postSolution
		SolutionGuid = {1784C400-69EE-46D8-A6B5-70B47BF0E8FC}
	EndGlobalSection
EndGlobal
